
Microsoft Visual Studio Solution File, Format Version 12.00
Project("{FAE04EC0-301F-11D3-BF4B-00C04F79EFBC}") = "TryNBootLoader.Program", "TryNBootLoader.Program\TryNBootLoader.Program.csproj", "{841A7428-99F3-449A-8FEB-3B2A028B99F0}"
EndProject
Global
	GlobalSection(SolutionConfigurationPlatforms) = preSolution
		Debug|Any CPU = Debug|Any CPU
		Release|Any CPU = Release|Any CPU
	EndGlobalSection
	GlobalSection(ProjectConfigurationPlatforms) = postSolution
		{841A7428-99F3-449A-8FEB-3B2A028B99F0}.Debug|Any CPU.ActiveCfg = Debug|Any CPU
		{841A7428-99F3-449A-8FEB-3B2A028B99F0}.Debug|Any CPU.Build.0 = Debug|Any CPU
		{841A7428-99F3-449A-8FEB-3B2A028B99F0}.Release|Any CPU.ActiveCfg = Release|Any CPU
		{841A7428-99F3-449A-8FEB-3B2A028B99F0}.Release|Any CPU.Build.0 = Release|Any CPU
	EndGlobalSection
EndGlobal
